
Microsoft Visual Studio Solution File, Format Version 12.00
Project("{FAE04EC0-301F-11D3-BF4B-00C04F79EFBC}") = "TaskManagement.API", "TaskManagement.API\TaskManagement.API.csproj", "{211575AA-816D-47BA-A8B2-2665F3CBD754}"
EndProject
Project("{FAE04EC0-301F-11D3-BF4B-00C04F79EFBC}") = "TaskManagement.Data", "TaskManagement.Data\TaskManagement.Data.csproj", "{39246BD5-3DD8-4064-A8A3-B2BC04D77D73}"
EndProject
Global
	GlobalSection(SolutionConfigurationPlatforms) = preSolution
		Debug|Any CPU = Debug|Any CPU
		Release|Any CPU = Release|Any CPU
	EndGlobalSection
	GlobalSection(ProjectConfigurationPlatforms) = postSolution
		{211575AA-816D-47BA-A8B2-2665F3CBD754}.Debug|Any CPU.ActiveCfg = Debug|Any CPU
		{211575AA-816D-47BA-A8B2-2665F3CBD754}.Debug|Any CPU.Build.0 = Debug|Any CPU
		{211575AA-816D-47BA-A8B2-2665F3CBD754}.Release|Any CPU.ActiveCfg = Release|Any CPU
		{211575AA-816D-47BA-A8B2-2665F3CBD754}.Release|Any CPU.Build.0 = Release|Any CPU
		{39246BD5-3DD8-4064-A8A3-B2BC04D77D73}.Debug|Any CPU.ActiveCfg = Debug|Any CPU
		{39246BD5-3DD8-4064-A8A3-B2BC04D77D73}.Debug|Any CPU.Build.0 = Debug|Any CPU
		{39246BD5-3DD8-4064-A8A3-B2BC04D77D73}.Release|Any CPU.ActiveCfg = Release|Any CPU
		{39246BD5-3DD8-4064-A8A3-B2BC04D77D73}.Release|Any CPU.Build.0 = Release|Any CPU
	EndGlobalSection
EndGlobal
